
Microsoft Visual Studio Solution File, Format Version 12.00
# Visual Studio Version 16
VisualStudioVersion = 16.0.30028.174
MinimumVisualStudioVersion = 10.0.40219.1
Project("{2150E333-8FDC-42A3-9474-1A3956D46DE8}") = "DesignPatterns", "DesignPatterns", "{A897AF24-8B8B-4008-AE58-5A7A79908BB6}"
EndProject
Project("{2150E333-8FDC-42A3-9474-1A3956D46DE8}") = "Behavioral", "Behavioral", "{EB2B06FF-4C43-4530-8187-F108423767B6}"
EndProject
Project("{9A19103F-16F7-4668-BE54-9A1E7A4F7556}") = "TemplateMethodPattern", "DesignPatterns\Behavioral\TemplateMethodPattern\TemplateMethodPattern.csproj", "{8BE1A678-70FF-4530-B0E7-A0FCF0103B73}"
EndProject
Project("{9A19103F-16F7-4668-BE54-9A1E7A4F7556}") = "StrategyPattern", "DesignPatterns\Behavioral\StrategyPattern\StrategyPattern.csproj", "{4C9A48E7-218A-4048-8FA7-3F22A9528F4E}"
EndProject
Project("{2150E333-8FDC-42A3-9474-1A3956D46DE8}") = "Common", "Common", "{966D689F-64F2-4AA3-BD2B-CE52F4F28AFC}"
EndProject
Project("{9A19103F-16F7-4668-BE54-9A1E7A4F7556}") = "DesignPatterns.Core", "Common\DesignPatterns.Core\DesignPatterns.Core.csproj", "{9416F30C-686E-4D20-963C-9CB58CBEB3A5}"
EndProject
Project("{2150E333-8FDC-42A3-9474-1A3956D46DE8}") = "Creational", "Creational", "{6901FD34-8009-45DA-9964-E463CEB79AAB}"
EndProject
Project("{9A19103F-16F7-4668-BE54-9A1E7A4F7556}") = "FactoryMethodPattern", "DesignPatterns\Creational\FactoryMethodPattern\FactoryMethodPattern.csproj", "{F45D6A86-BF15-4756-BC8B-ACB797862C27}"
EndProject
Project("{9A19103F-16F7-4668-BE54-9A1E7A4F7556}") = "BuilderPattern", "DesignPatterns\Creational\BuilderPattern\BuilderPattern.csproj", "{E5EF5670-F5A9-41DB-8AC7-CC2F5ABCDDE4}"
EndProject
Project("{FAE04EC0-301F-11D3-BF4B-00C04F79EFBC}") = "AbstractFactoryPattern", "DesignPatterns\Creational\AbstractFactoryPattern\AbstractFactoryPattern.csproj", "{D00C64A6-F2EE-4C3B-824C-8B6A88665D7A}"
EndProject
Project("{FAE04EC0-301F-11D3-BF4B-00C04F79EFBC}") = "PrototypePattern", "DesignPatterns\Creational\PrototypePattern\PrototypePattern.csproj", "{F2D91FFA-A5EA-4DBF-A2A2-1C0EA489BC44}"
EndProject
Global
	GlobalSection(SolutionConfigurationPlatforms) = preSolution
		Debug|Any CPU = Debug|Any CPU
		Release|Any CPU = Release|Any CPU
	EndGlobalSection
	GlobalSection(ProjectConfigurationPlatforms) = postSolution
		{8BE1A678-70FF-4530-B0E7-A0FCF0103B73}.Debug|Any CPU.ActiveCfg = Debug|Any CPU
		{8BE1A678-70FF-4530-B0E7-A0FCF0103B73}.Debug|Any CPU.Build.0 = Debug|Any CPU
		{8BE1A678-70FF-4530-B0E7-A0FCF0103B73}.Release|Any CPU.ActiveCfg = Release|Any CPU
		{8BE1A678-70FF-4530-B0E7-A0FCF0103B73}.Release|Any CPU.Build.0 = Release|Any CPU
		{4C9A48E7-218A-4048-8FA7-3F22A9528F4E}.Debug|Any CPU.ActiveCfg = Debug|Any CPU
		{4C9A48E7-218A-4048-8FA7-3F22A9528F4E}.Debug|Any CPU.Build.0 = Debug|Any CPU
		{4C9A48E7-218A-4048-8FA7-3F22A9528F4E}.Release|Any CPU.ActiveCfg = Release|Any CPU
		{4C9A48E7-218A-4048-8FA7-3F22A9528F4E}.Release|Any CPU.Build.0 = Release|Any CPU
		{9416F30C-686E-4D20-963C-9CB58CBEB3A5}.Debug|Any CPU.ActiveCfg = Debug|Any CPU
		{9416F30C-686E-4D20-963C-9CB58CBEB3A5}.Debug|Any CPU.Build.0 = Debug|Any CPU
		{9416F30C-686E-4D20-963C-9CB58CBEB3A5}.Release|Any CPU.ActiveCfg = Release|Any CPU
		{9416F30C-686E-4D20-963C-9CB58CBEB3A5}.Release|Any CPU.Build.0 = Release|Any CPU
		{F45D6A86-BF15-4756-BC8B-ACB797862C27}.Debug|Any CPU.ActiveCfg = Debug|Any CPU
		{F45D6A86-BF15-4756-BC8B-ACB797862C27}.Debug|Any CPU.Build.0 = Debug|Any CPU
		{F45D6A86-BF15-4756-BC8B-ACB797862C27}.Release|Any CPU.ActiveCfg = Release|Any CPU
		{F45D6A86-BF15-4756-BC8B-ACB797862C27}.Release|Any CPU.Build.0 = Release|Any CPU
		{E5EF5670-F5A9-41DB-8AC7-CC2F5ABCDDE4}.Debug|Any CPU.ActiveCfg = Debug|Any CPU
		{E5EF5670-F5A9-41DB-8AC7-CC2F5ABCDDE4}.Debug|Any CPU.Build.0 = Debug|Any CPU
		{E5EF5670-F5A9-41DB-8AC7-CC2F5ABCDDE4}.Release|Any CPU.ActiveCfg = Release|Any CPU
		{E5EF5670-F5A9-41DB-8AC7-CC2F5ABCDDE4}.Release|Any CPU.Build.0 = Release|Any CPU
		{D00C64A6-F2EE-4C3B-824C-8B6A88665D7A}.Debug|Any CPU.ActiveCfg = Debug|Any CPU
		{D00C64A6-F2EE-4C3B-824C-8B6A88665D7A}.Debug|Any CPU.Build.0 = Debug|Any CPU
		{D00C64A6-F2EE-4C3B-824C-8B6A88665D7A}.Release|Any CPU.ActiveCfg = Release|Any CPU
		{D00C64A6-F2EE-4C3B-824C-8B6A88665D7A}.Release|Any CPU.Build.0 = Release|Any CPU
		{F2D91FFA-A5EA-4DBF-A2A2-1C0EA489BC44}.Debug|Any CPU.ActiveCfg = Debug|Any CPU
		{F2D91FFA-A5EA-4DBF-A2A2-1C0EA489BC44}.Debug|Any CPU.Build.0 = Debug|Any CPU
		{F2D91FFA-A5EA-4DBF-A2A2-1C0EA489BC44}.Release|Any CPU.ActiveCfg = Release|Any CPU
		{F2D91FFA-A5EA-4DBF-A2A2-1C0EA489BC44}.Release|Any CPU.Build.0 = Release|Any CPU
	EndGlobalSection
	GlobalSection(SolutionProperties) = preSolution
		HideSolutionNode = FALSE
	EndGlobalSection
	GlobalSection(NestedProjects) = preSolution
		{EB2B06FF-4C43-4530-8187-F108423767B6} = {A897AF24-8B8B-4008-AE58-5A7A79908BB6}
		{8BE1A678-70FF-4530-B0E7-A0FCF0103B73} = {EB2B06FF-4C43-4530-8187-F108423767B6}
		{4C9A48E7-218A-4048-8FA7-3F22A9528F4E} = {EB2B06FF-4C43-4530-8187-F108423767B6}
		{9416F30C-686E-4D20-963C-9CB58CBEB3A5} = {966D689F-64F2-4AA3-BD2B-CE52F4F28AFC}
		{6901FD34-8009-45DA-9964-E463CEB79AAB} = {A897AF24-8B8B-4008-AE58-5A7A79908BB6}
		{F45D6A86-BF15-4756-BC8B-ACB797862C27} = {6901FD34-8009-45DA-9964-E463CEB79AAB}
		{E5EF5670-F5A9-41DB-8AC7-CC2F5ABCDDE4} = {6901FD34-8009-45DA-9964-E463CEB79AAB}
		{D00C64A6-F2EE-4C3B-824C-8B6A88665D7A} = {6901FD34-8009-45DA-9964-E463CEB79AAB}
		{F2D91FFA-A5EA-4DBF-A2A2-1C0EA489BC44} = {6901FD34-8009-45DA-9964-E463CEB79AAB}
	EndGlobalSection
	GlobalSection(ExtensibilityGlobals) = postSolution
		SolutionGuid = {A950E72F-C8FC-4EE0-B0FD-5F7986F6296A}
	EndGlobalSection
EndGlobal
