
Microsoft Visual Studio Solution File, Format Version 12.00
# Visual Studio Version 16
VisualStudioVersion = 16.0.30028.174
MinimumVisualStudioVersion = 10.0.40219.1
Project("{2150E333-8FDC-42A3-9474-1A3956D46DE8}") = "DesignPatterns", "DesignPatterns", "{A897AF24-8B8B-4008-AE58-5A7A79908BB6}"
EndProject
Project("{2150E333-8FDC-42A3-9474-1A3956D46DE8}") = "Behavioral", "Behavioral", "{EB2B06FF-4C43-4530-8187-F108423767B6}"
EndProject
Project("{9A19103F-16F7-4668-BE54-9A1E7A4F7556}") = "TemplateMethodPattern", "DesignPatterns\Behavioral\TemplateMethodPattern\TemplateMethodPattern.csproj", "{8BE1A678-70FF-4530-B0E7-A0FCF0103B73}"
EndProject
Project("{9A19103F-16F7-4668-BE54-9A1E7A4F7556}") = "StrategyPattern", "DesignPatterns\Behavioral\StrategyPattern\StrategyPattern.csproj", "{4C9A48E7-218A-4048-8FA7-3F22A9528F4E}"
EndProject
Project("{2150E333-8FDC-42A3-9474-1A3956D46DE8}") = "Common", "Common", "{966D689F-64F2-4AA3-BD2B-CE52F4F28AFC}"
EndProject
Project("{9A19103F-16F7-4668-BE54-9A1E7A4F7556}") = "DesignPatterns.Core", "Common\DesignPatterns.Core\DesignPatterns.Core.csproj", "{9416F30C-686E-4D20-963C-9CB58CBEB3A5}"
EndProject
Project("{2150E333-8FDC-42A3-9474-1A3956D46DE8}") = "Creational", "Creational", "{6901FD34-8009-45DA-9964-E463CEB79AAB}"
EndProject
Project("{9A19103F-16F7-4668-BE54-9A1E7A4F7556}") = "FactoryMethodPattern", "DesignPatterns\Creational\FactoryMethodPattern\FactoryMethodPattern.csproj", "{F45D6A86-BF15-4756-BC8B-ACB797862C27}"
EndProject
Project("{9A19103F-16F7-4668-BE54-9A1E7A4F7556}") = "BuilderPattern", "DesignPatterns\Creational\BuilderPattern\BuilderPattern.csproj", "{E5EF5670-F5A9-41DB-8AC7-CC2F5ABCDDE4}"
EndProject
Project("{9A19103F-16F7-4668-BE54-9A1E7A4F7556}") = "AbstractFactoryPattern", "DesignPatterns\Creational\AbstractFactoryPattern\AbstractFactoryPattern.csproj", "{D00C64A6-F2EE-4C3B-824C-8B6A88665D7A}"
EndProject
Project("{9A19103F-16F7-4668-BE54-9A1E7A4F7556}") = "PrototypePattern", "DesignPatterns\Creational\PrototypePattern\PrototypePattern.csproj", "{F2D91FFA-A5EA-4DBF-A2A2-1C0EA489BC44}"
EndProject
Project("{9A19103F-16F7-4668-BE54-9A1E7A4F7556}") = "SingletonPattern", "DesignPatterns\Creational\SingletonPattern\SingletonPattern.csproj", "{9F05C674-B249-4766-B2A1-BBAE09AC8066}"
EndProject
Project("{2150E333-8FDC-42A3-9474-1A3956D46DE8}") = "Structural", "Structural", "{E5E54D87-515D-4927-AE33-DE0C46F6BC77}"
EndProject
Project("{9A19103F-16F7-4668-BE54-9A1E7A4F7556}") = "AdapterPattern", "DesignPatterns\Structural\AdapterPattern\AdapterPattern.csproj", "{BB18A676-72AE-4072-95F5-9849B31F6176}"
EndProject
Project("{9A19103F-16F7-4668-BE54-9A1E7A4F7556}") = "BridgePattern", "DesignPatterns\Structural\BridgePattern\BridgePattern.csproj", "{8C683D12-5784-438F-8078-8CD412CAE35E}"
EndProject
Project("{9A19103F-16F7-4668-BE54-9A1E7A4F7556}") = "CompositePattern", "DesignPatterns\Structural\CompositePattern\CompositePattern.csproj", "{F4612030-7133-4574-98C8-96E25ABBA722}"
EndProject
Project("{FAE04EC0-301F-11D3-BF4B-00C04F79EFBC}") = "FacadePattern", "DesignPatterns\Structural\FacadePattern\FacadePattern.csproj", "{C3356BDC-6875-4097-A192-F18D6A7A9198}"
EndProject
Project("{FAE04EC0-301F-11D3-BF4B-00C04F79EFBC}") = "DecoratorPattern", "DesignPatterns\Structural\DecoratorPattern\DecoratorPattern.csproj", "{D16F38DA-80FA-4B67-BF5A-0363EDB85ACE}"
EndProject
Project("{FAE04EC0-301F-11D3-BF4B-00C04F79EFBC}") = "ProxyPattern", "DesignPatterns\Structural\ProxyPattern\ProxyPattern.csproj", "{ECF1A417-24E4-4321-A057-D3B1E6CC10AB}"
EndProject
Project("{FAE04EC0-301F-11D3-BF4B-00C04F79EFBC}") = "FlyweightPattern", "DesignPatterns\Structural\FlyweightPattern\FlyweightPattern.csproj", "{1C53350F-00A1-4028-BEA2-1514F44F32CD}"
EndProject
Project("{FAE04EC0-301F-11D3-BF4B-00C04F79EFBC}") = "ChainOfResponsibilityPattern", "DesignPatterns\Behavioral\ChainOfResponsibilityPattern\ChainOfResponsibilityPattern.csproj", "{628C2404-2361-4D09-9FEF-1C8F1ADEB58C}"
EndProject
Project("{FAE04EC0-301F-11D3-BF4B-00C04F79EFBC}") = "CommandPattern", "DesignPatterns\Behavioral\CommandPattern\CommandPattern.csproj", "{252E6521-E67B-44C7-95DB-012A905E417D}"
EndProject
Project("{FAE04EC0-301F-11D3-BF4B-00C04F79EFBC}") = "IteratorPattern", "DesignPatterns\Behavioral\IteratorPattern\IteratorPattern.csproj", "{1D68149A-F642-4049-B696-798AC59DBB71}"
EndProject
Project("{FAE04EC0-301F-11D3-BF4B-00C04F79EFBC}") = "MediatorPattern", "DesignPatterns\Behavioral\MediatorPattern\MediatorPattern.csproj", "{5590D4E2-E5E0-4456-BF2D-8CD1968FE310}"
EndProject
Project("{FAE04EC0-301F-11D3-BF4B-00C04F79EFBC}") = "MementoPattern", "DesignPatterns\Behavioral\MementoPattern\MementoPattern.csproj", "{2AA4B897-A4D3-4D90-8491-4A1ECD96C691}"
EndProject
Global
	GlobalSection(SolutionConfigurationPlatforms) = preSolution
		Debug|Any CPU = Debug|Any CPU
		Release|Any CPU = Release|Any CPU
	EndGlobalSection
	GlobalSection(ProjectConfigurationPlatforms) = postSolution
		{8BE1A678-70FF-4530-B0E7-A0FCF0103B73}.Debug|Any CPU.ActiveCfg = Debug|Any CPU
		{8BE1A678-70FF-4530-B0E7-A0FCF0103B73}.Debug|Any CPU.Build.0 = Debug|Any CPU
		{8BE1A678-70FF-4530-B0E7-A0FCF0103B73}.Release|Any CPU.ActiveCfg = Release|Any CPU
		{8BE1A678-70FF-4530-B0E7-A0FCF0103B73}.Release|Any CPU.Build.0 = Release|Any CPU
		{4C9A48E7-218A-4048-8FA7-3F22A9528F4E}.Debug|Any CPU.ActiveCfg = Debug|Any CPU
		{4C9A48E7-218A-4048-8FA7-3F22A9528F4E}.Debug|Any CPU.Build.0 = Debug|Any CPU
		{4C9A48E7-218A-4048-8FA7-3F22A9528F4E}.Release|Any CPU.ActiveCfg = Release|Any CPU
		{4C9A48E7-218A-4048-8FA7-3F22A9528F4E}.Release|Any CPU.Build.0 = Release|Any CPU
		{9416F30C-686E-4D20-963C-9CB58CBEB3A5}.Debug|Any CPU.ActiveCfg = Debug|Any CPU
		{9416F30C-686E-4D20-963C-9CB58CBEB3A5}.Debug|Any CPU.Build.0 = Debug|Any CPU
		{9416F30C-686E-4D20-963C-9CB58CBEB3A5}.Release|Any CPU.ActiveCfg = Release|Any CPU
		{9416F30C-686E-4D20-963C-9CB58CBEB3A5}.Release|Any CPU.Build.0 = Release|Any CPU
		{F45D6A86-BF15-4756-BC8B-ACB797862C27}.Debug|Any CPU.ActiveCfg = Debug|Any CPU
		{F45D6A86-BF15-4756-BC8B-ACB797862C27}.Debug|Any CPU.Build.0 = Debug|Any CPU
		{F45D6A86-BF15-4756-BC8B-ACB797862C27}.Release|Any CPU.ActiveCfg = Release|Any CPU
		{F45D6A86-BF15-4756-BC8B-ACB797862C27}.Release|Any CPU.Build.0 = Release|Any CPU
		{E5EF5670-F5A9-41DB-8AC7-CC2F5ABCDDE4}.Debug|Any CPU.ActiveCfg = Debug|Any CPU
		{E5EF5670-F5A9-41DB-8AC7-CC2F5ABCDDE4}.Debug|Any CPU.Build.0 = Debug|Any CPU
		{E5EF5670-F5A9-41DB-8AC7-CC2F5ABCDDE4}.Release|Any CPU.ActiveCfg = Release|Any CPU
		{E5EF5670-F5A9-41DB-8AC7-CC2F5ABCDDE4}.Release|Any CPU.Build.0 = Release|Any CPU
		{D00C64A6-F2EE-4C3B-824C-8B6A88665D7A}.Debug|Any CPU.ActiveCfg = Debug|Any CPU
		{D00C64A6-F2EE-4C3B-824C-8B6A88665D7A}.Debug|Any CPU.Build.0 = Debug|Any CPU
		{D00C64A6-F2EE-4C3B-824C-8B6A88665D7A}.Release|Any CPU.ActiveCfg = Release|Any CPU
		{D00C64A6-F2EE-4C3B-824C-8B6A88665D7A}.Release|Any CPU.Build.0 = Release|Any CPU
		{F2D91FFA-A5EA-4DBF-A2A2-1C0EA489BC44}.Debug|Any CPU.ActiveCfg = Debug|Any CPU
		{F2D91FFA-A5EA-4DBF-A2A2-1C0EA489BC44}.Debug|Any CPU.Build.0 = Debug|Any CPU
		{F2D91FFA-A5EA-4DBF-A2A2-1C0EA489BC44}.Release|Any CPU.ActiveCfg = Release|Any CPU
		{F2D91FFA-A5EA-4DBF-A2A2-1C0EA489BC44}.Release|Any CPU.Build.0 = Release|Any CPU
		{9F05C674-B249-4766-B2A1-BBAE09AC8066}.Debug|Any CPU.ActiveCfg = Debug|Any CPU
		{9F05C674-B249-4766-B2A1-BBAE09AC8066}.Debug|Any CPU.Build.0 = Debug|Any CPU
		{9F05C674-B249-4766-B2A1-BBAE09AC8066}.Release|Any CPU.ActiveCfg = Release|Any CPU
		{9F05C674-B249-4766-B2A1-BBAE09AC8066}.Release|Any CPU.Build.0 = Release|Any CPU
		{BB18A676-72AE-4072-95F5-9849B31F6176}.Debug|Any CPU.ActiveCfg = Debug|Any CPU
		{BB18A676-72AE-4072-95F5-9849B31F6176}.Debug|Any CPU.Build.0 = Debug|Any CPU
		{BB18A676-72AE-4072-95F5-9849B31F6176}.Release|Any CPU.ActiveCfg = Release|Any CPU
		{BB18A676-72AE-4072-95F5-9849B31F6176}.Release|Any CPU.Build.0 = Release|Any CPU
		{8C683D12-5784-438F-8078-8CD412CAE35E}.Debug|Any CPU.ActiveCfg = Debug|Any CPU
		{8C683D12-5784-438F-8078-8CD412CAE35E}.Debug|Any CPU.Build.0 = Debug|Any CPU
		{8C683D12-5784-438F-8078-8CD412CAE35E}.Release|Any CPU.ActiveCfg = Release|Any CPU
		{8C683D12-5784-438F-8078-8CD412CAE35E}.Release|Any CPU.Build.0 = Release|Any CPU
		{F4612030-7133-4574-98C8-96E25ABBA722}.Debug|Any CPU.ActiveCfg = Debug|Any CPU
		{F4612030-7133-4574-98C8-96E25ABBA722}.Debug|Any CPU.Build.0 = Debug|Any CPU
		{F4612030-7133-4574-98C8-96E25ABBA722}.Release|Any CPU.ActiveCfg = Release|Any CPU
		{F4612030-7133-4574-98C8-96E25ABBA722}.Release|Any CPU.Build.0 = Release|Any CPU
		{C3356BDC-6875-4097-A192-F18D6A7A9198}.Debug|Any CPU.ActiveCfg = Debug|Any CPU
		{C3356BDC-6875-4097-A192-F18D6A7A9198}.Debug|Any CPU.Build.0 = Debug|Any CPU
		{C3356BDC-6875-4097-A192-F18D6A7A9198}.Release|Any CPU.ActiveCfg = Release|Any CPU
		{C3356BDC-6875-4097-A192-F18D6A7A9198}.Release|Any CPU.Build.0 = Release|Any CPU
		{D16F38DA-80FA-4B67-BF5A-0363EDB85ACE}.Debug|Any CPU.ActiveCfg = Debug|Any CPU
		{D16F38DA-80FA-4B67-BF5A-0363EDB85ACE}.Debug|Any CPU.Build.0 = Debug|Any CPU
		{D16F38DA-80FA-4B67-BF5A-0363EDB85ACE}.Release|Any CPU.ActiveCfg = Release|Any CPU
		{D16F38DA-80FA-4B67-BF5A-0363EDB85ACE}.Release|Any CPU.Build.0 = Release|Any CPU
		{ECF1A417-24E4-4321-A057-D3B1E6CC10AB}.Debug|Any CPU.ActiveCfg = Debug|Any CPU
		{ECF1A417-24E4-4321-A057-D3B1E6CC10AB}.Debug|Any CPU.Build.0 = Debug|Any CPU
		{ECF1A417-24E4-4321-A057-D3B1E6CC10AB}.Release|Any CPU.ActiveCfg = Release|Any CPU
		{ECF1A417-24E4-4321-A057-D3B1E6CC10AB}.Release|Any CPU.Build.0 = Release|Any CPU
		{1C53350F-00A1-4028-BEA2-1514F44F32CD}.Debug|Any CPU.ActiveCfg = Debug|Any CPU
		{1C53350F-00A1-4028-BEA2-1514F44F32CD}.Debug|Any CPU.Build.0 = Debug|Any CPU
		{1C53350F-00A1-4028-BEA2-1514F44F32CD}.Release|Any CPU.ActiveCfg = Release|Any CPU
		{1C53350F-00A1-4028-BEA2-1514F44F32CD}.Release|Any CPU.Build.0 = Release|Any CPU
		{628C2404-2361-4D09-9FEF-1C8F1ADEB58C}.Debug|Any CPU.ActiveCfg = Debug|Any CPU
		{628C2404-2361-4D09-9FEF-1C8F1ADEB58C}.Debug|Any CPU.Build.0 = Debug|Any CPU
		{628C2404-2361-4D09-9FEF-1C8F1ADEB58C}.Release|Any CPU.ActiveCfg = Release|Any CPU
		{628C2404-2361-4D09-9FEF-1C8F1ADEB58C}.Release|Any CPU.Build.0 = Release|Any CPU
		{252E6521-E67B-44C7-95DB-012A905E417D}.Debug|Any CPU.ActiveCfg = Debug|Any CPU
		{252E6521-E67B-44C7-95DB-012A905E417D}.Debug|Any CPU.Build.0 = Debug|Any CPU
		{252E6521-E67B-44C7-95DB-012A905E417D}.Release|Any CPU.ActiveCfg = Release|Any CPU
		{252E6521-E67B-44C7-95DB-012A905E417D}.Release|Any CPU.Build.0 = Release|Any CPU
		{1D68149A-F642-4049-B696-798AC59DBB71}.Debug|Any CPU.ActiveCfg = Debug|Any CPU
		{1D68149A-F642-4049-B696-798AC59DBB71}.Debug|Any CPU.Build.0 = Debug|Any CPU
		{1D68149A-F642-4049-B696-798AC59DBB71}.Release|Any CPU.ActiveCfg = Release|Any CPU
		{1D68149A-F642-4049-B696-798AC59DBB71}.Release|Any CPU.Build.0 = Release|Any CPU
		{5590D4E2-E5E0-4456-BF2D-8CD1968FE310}.Debug|Any CPU.ActiveCfg = Debug|Any CPU
		{5590D4E2-E5E0-4456-BF2D-8CD1968FE310}.Debug|Any CPU.Build.0 = Debug|Any CPU
		{5590D4E2-E5E0-4456-BF2D-8CD1968FE310}.Release|Any CPU.ActiveCfg = Release|Any CPU
		{5590D4E2-E5E0-4456-BF2D-8CD1968FE310}.Release|Any CPU.Build.0 = Release|Any CPU
		{2AA4B897-A4D3-4D90-8491-4A1ECD96C691}.Debug|Any CPU.ActiveCfg = Debug|Any CPU
		{2AA4B897-A4D3-4D90-8491-4A1ECD96C691}.Debug|Any CPU.Build.0 = Debug|Any CPU
		{2AA4B897-A4D3-4D90-8491-4A1ECD96C691}.Release|Any CPU.ActiveCfg = Release|Any CPU
		{2AA4B897-A4D3-4D90-8491-4A1ECD96C691}.Release|Any CPU.Build.0 = Release|Any CPU
	EndGlobalSection
	GlobalSection(SolutionProperties) = preSolution
		HideSolutionNode = FALSE
	EndGlobalSection
	GlobalSection(NestedProjects) = preSolution
		{EB2B06FF-4C43-4530-8187-F108423767B6} = {A897AF24-8B8B-4008-AE58-5A7A79908BB6}
		{8BE1A678-70FF-4530-B0E7-A0FCF0103B73} = {EB2B06FF-4C43-4530-8187-F108423767B6}
		{4C9A48E7-218A-4048-8FA7-3F22A9528F4E} = {EB2B06FF-4C43-4530-8187-F108423767B6}
		{9416F30C-686E-4D20-963C-9CB58CBEB3A5} = {966D689F-64F2-4AA3-BD2B-CE52F4F28AFC}
		{6901FD34-8009-45DA-9964-E463CEB79AAB} = {A897AF24-8B8B-4008-AE58-5A7A79908BB6}
		{F45D6A86-BF15-4756-BC8B-ACB797862C27} = {6901FD34-8009-45DA-9964-E463CEB79AAB}
		{E5EF5670-F5A9-41DB-8AC7-CC2F5ABCDDE4} = {6901FD34-8009-45DA-9964-E463CEB79AAB}
		{D00C64A6-F2EE-4C3B-824C-8B6A88665D7A} = {6901FD34-8009-45DA-9964-E463CEB79AAB}
		{F2D91FFA-A5EA-4DBF-A2A2-1C0EA489BC44} = {6901FD34-8009-45DA-9964-E463CEB79AAB}
		{9F05C674-B249-4766-B2A1-BBAE09AC8066} = {6901FD34-8009-45DA-9964-E463CEB79AAB}
		{E5E54D87-515D-4927-AE33-DE0C46F6BC77} = {A897AF24-8B8B-4008-AE58-5A7A79908BB6}
		{BB18A676-72AE-4072-95F5-9849B31F6176} = {E5E54D87-515D-4927-AE33-DE0C46F6BC77}
		{8C683D12-5784-438F-8078-8CD412CAE35E} = {E5E54D87-515D-4927-AE33-DE0C46F6BC77}
		{F4612030-7133-4574-98C8-96E25ABBA722} = {E5E54D87-515D-4927-AE33-DE0C46F6BC77}
		{C3356BDC-6875-4097-A192-F18D6A7A9198} = {E5E54D87-515D-4927-AE33-DE0C46F6BC77}
		{D16F38DA-80FA-4B67-BF5A-0363EDB85ACE} = {E5E54D87-515D-4927-AE33-DE0C46F6BC77}
		{ECF1A417-24E4-4321-A057-D3B1E6CC10AB} = {E5E54D87-515D-4927-AE33-DE0C46F6BC77}
		{1C53350F-00A1-4028-BEA2-1514F44F32CD} = {E5E54D87-515D-4927-AE33-DE0C46F6BC77}
		{628C2404-2361-4D09-9FEF-1C8F1ADEB58C} = {EB2B06FF-4C43-4530-8187-F108423767B6}
		{252E6521-E67B-44C7-95DB-012A905E417D} = {EB2B06FF-4C43-4530-8187-F108423767B6}
		{1D68149A-F642-4049-B696-798AC59DBB71} = {EB2B06FF-4C43-4530-8187-F108423767B6}
		{5590D4E2-E5E0-4456-BF2D-8CD1968FE310} = {EB2B06FF-4C43-4530-8187-F108423767B6}
		{2AA4B897-A4D3-4D90-8491-4A1ECD96C691} = {EB2B06FF-4C43-4530-8187-F108423767B6}
	EndGlobalSection
	GlobalSection(ExtensibilityGlobals) = postSolution
		SolutionGuid = {A950E72F-C8FC-4EE0-B0FD-5F7986F6296A}
	EndGlobalSection
EndGlobal
